
Microsoft Visual Studio Solution File, Format Version 12.00
# Visual Studio Version 17
VisualStudioVersion = 17.1.32210.238
MinimumVisualStudioVersion = 10.0.40219.1
Project("{2150E333-8FDC-42A3-9474-1A3956D46DE8}") = "Services", "Services", "{2E264899-D2BE-4D21-BE34-AB191B4ECB4C}"
EndProject
Project("{2150E333-8FDC-42A3-9474-1A3956D46DE8}") = "Catalog", "Catalog", "{EDA75324-1DEE-4E98-994A-4DB4FAFD1256}"
EndProject
Project("{9A19103F-16F7-4668-BE54-9A1E7A4F7556}") = "Catalog.API", "Services\Catalog\Catalog.API\Catalog.API.csproj", "{67462917-7808-4AD6-AC07-3B28250EF221}"
EndProject
Project("{E53339B2-1760-4266-BCC7-CA923CBCF16C}") = "docker-compose", "docker-compose.dcproj", "{820E874F-DCF0-4F0E-80DD-3E7BEC67FC1F}"
EndProject
Project("{2150E333-8FDC-42A3-9474-1A3956D46DE8}") = "Basket", "Basket", "{299E0631-6943-4FDE-A413-1C8AA3B9BA8A}"
EndProject
Project("{9A19103F-16F7-4668-BE54-9A1E7A4F7556}") = "Basket.API", "Services\Basket\Basket.API\Basket.API.csproj", "{B49D9C6D-2F5D-4EF6-B40C-3B9313F4DACE}"
EndProject
Project("{2150E333-8FDC-42A3-9474-1A3956D46DE8}") = "Discount", "Discount", "{665E43A2-4AFF-489E-A87C-CFC23DBBF3E0}"
EndProject
Project("{9A19103F-16F7-4668-BE54-9A1E7A4F7556}") = "Discount.API", "Services\Discount\Discount.API\Discount.API.csproj", "{50356D00-7386-47B2-9BB3-219547CD5C3D}"
EndProject
Project("{9A19103F-16F7-4668-BE54-9A1E7A4F7556}") = "Discount.Grpc", "Services\Discount\Discount.Grpc\Discount.Grpc.csproj", "{E8C95C9C-BC9F-4550-B6A5-5944DB300CC3}"
EndProject
Project("{2150E333-8FDC-42A3-9474-1A3956D46DE8}") = "Ordering", "Ordering", "{4102278E-4CBC-4F74-B778-0B73CA4863AD}"
EndProject
Project("{9A19103F-16F7-4668-BE54-9A1E7A4F7556}") = "Ordering.API", "Services\Ordering\Ordering.API\Ordering.API.csproj", "{9B73C489-2480-4369-87FA-C3589FCEF8BD}"
EndProject
Project("{9A19103F-16F7-4668-BE54-9A1E7A4F7556}") = "Ordering.Domain", "Services\Ordering\Ordering.Domain\Ordering.Domain.csproj", "{EA925D78-1587-45AC-80E6-3ED47D5DC43A}"
EndProject
Project("{9A19103F-16F7-4668-BE54-9A1E7A4F7556}") = "Ordering.Application", "Services\Ordering\Ordering.Application\Ordering.Application.csproj", "{3418030B-329E-442F-A42E-BEED160B41EE}"
EndProject
Project("{9A19103F-16F7-4668-BE54-9A1E7A4F7556}") = "Ordering.Infrastructure", "Services\Ordering\Ordering.Infraestructure\Ordering.Infrastructure.csproj", "{3317DD4A-FBDB-473E-98D4-BD5E7CEA3F42}"
EndProject
Project("{2150E333-8FDC-42A3-9474-1A3956D46DE8}") = "BuildingBlocks", "BuildingBlocks", "{D8DB35BD-8686-4892-BBFC-011979AC593C}"
EndProject
Project("{9A19103F-16F7-4668-BE54-9A1E7A4F7556}") = "EventBus.Messages", "BuildingBlocks\EventBus.Messages\EventBus.Messages.csproj", "{864F2DAA-B937-489B-A01E-4FB69DE648C7}"
EndProject
Project("{2150E333-8FDC-42A3-9474-1A3956D46DE8}") = "ApiGateways", "ApiGateways", "{1300A66D-5805-425D-B24D-C131A0E3DC2A}"
EndProject
Project("{FAE04EC0-301F-11D3-BF4B-00C04F79EFBC}") = "OcelotApiGw", "ApiGateways\OcelotApiGw\OcelotApiGw.csproj", "{B047B961-C736-4368-863E-5DBA1AFEB1AD}"
EndProject
Global
	GlobalSection(SolutionConfigurationPlatforms) = preSolution
		Debug|Any CPU = Debug|Any CPU
		Release|Any CPU = Release|Any CPU
	EndGlobalSection
	GlobalSection(ProjectConfigurationPlatforms) = postSolution
		{67462917-7808-4AD6-AC07-3B28250EF221}.Debug|Any CPU.ActiveCfg = Debug|Any CPU
		{67462917-7808-4AD6-AC07-3B28250EF221}.Debug|Any CPU.Build.0 = Debug|Any CPU
		{67462917-7808-4AD6-AC07-3B28250EF221}.Release|Any CPU.ActiveCfg = Release|Any CPU
		{67462917-7808-4AD6-AC07-3B28250EF221}.Release|Any CPU.Build.0 = Release|Any CPU
		{820E874F-DCF0-4F0E-80DD-3E7BEC67FC1F}.Debug|Any CPU.ActiveCfg = Debug|Any CPU
		{820E874F-DCF0-4F0E-80DD-3E7BEC67FC1F}.Debug|Any CPU.Build.0 = Debug|Any CPU
		{820E874F-DCF0-4F0E-80DD-3E7BEC67FC1F}.Release|Any CPU.ActiveCfg = Release|Any CPU
		{820E874F-DCF0-4F0E-80DD-3E7BEC67FC1F}.Release|Any CPU.Build.0 = Release|Any CPU
		{B49D9C6D-2F5D-4EF6-B40C-3B9313F4DACE}.Debug|Any CPU.ActiveCfg = Debug|Any CPU
		{B49D9C6D-2F5D-4EF6-B40C-3B9313F4DACE}.Debug|Any CPU.Build.0 = Debug|Any CPU
		{B49D9C6D-2F5D-4EF6-B40C-3B9313F4DACE}.Release|Any CPU.ActiveCfg = Release|Any CPU
		{B49D9C6D-2F5D-4EF6-B40C-3B9313F4DACE}.Release|Any CPU.Build.0 = Release|Any CPU
		{50356D00-7386-47B2-9BB3-219547CD5C3D}.Debug|Any CPU.ActiveCfg = Debug|Any CPU
		{50356D00-7386-47B2-9BB3-219547CD5C3D}.Debug|Any CPU.Build.0 = Debug|Any CPU
		{50356D00-7386-47B2-9BB3-219547CD5C3D}.Release|Any CPU.ActiveCfg = Release|Any CPU
		{50356D00-7386-47B2-9BB3-219547CD5C3D}.Release|Any CPU.Build.0 = Release|Any CPU
		{E8C95C9C-BC9F-4550-B6A5-5944DB300CC3}.Debug|Any CPU.ActiveCfg = Debug|Any CPU
		{E8C95C9C-BC9F-4550-B6A5-5944DB300CC3}.Debug|Any CPU.Build.0 = Debug|Any CPU
		{E8C95C9C-BC9F-4550-B6A5-5944DB300CC3}.Release|Any CPU.ActiveCfg = Release|Any CPU
		{E8C95C9C-BC9F-4550-B6A5-5944DB300CC3}.Release|Any CPU.Build.0 = Release|Any CPU
		{9B73C489-2480-4369-87FA-C3589FCEF8BD}.Debug|Any CPU.ActiveCfg = Debug|Any CPU
		{9B73C489-2480-4369-87FA-C3589FCEF8BD}.Debug|Any CPU.Build.0 = Debug|Any CPU
		{9B73C489-2480-4369-87FA-C3589FCEF8BD}.Release|Any CPU.ActiveCfg = Release|Any CPU
		{9B73C489-2480-4369-87FA-C3589FCEF8BD}.Release|Any CPU.Build.0 = Release|Any CPU
		{EA925D78-1587-45AC-80E6-3ED47D5DC43A}.Debug|Any CPU.ActiveCfg = Debug|Any CPU
		{EA925D78-1587-45AC-80E6-3ED47D5DC43A}.Debug|Any CPU.Build.0 = Debug|Any CPU
		{EA925D78-1587-45AC-80E6-3ED47D5DC43A}.Release|Any CPU.ActiveCfg = Release|Any CPU
		{EA925D78-1587-45AC-80E6-3ED47D5DC43A}.Release|Any CPU.Build.0 = Release|Any CPU
		{3418030B-329E-442F-A42E-BEED160B41EE}.Debug|Any CPU.ActiveCfg = Debug|Any CPU
		{3418030B-329E-442F-A42E-BEED160B41EE}.Debug|Any CPU.Build.0 = Debug|Any CPU
		{3418030B-329E-442F-A42E-BEED160B41EE}.Release|Any CPU.ActiveCfg = Release|Any CPU
		{3418030B-329E-442F-A42E-BEED160B41EE}.Release|Any CPU.Build.0 = Release|Any CPU
		{3317DD4A-FBDB-473E-98D4-BD5E7CEA3F42}.Debug|Any CPU.ActiveCfg = Debug|Any CPU
		{3317DD4A-FBDB-473E-98D4-BD5E7CEA3F42}.Debug|Any CPU.Build.0 = Debug|Any CPU
		{3317DD4A-FBDB-473E-98D4-BD5E7CEA3F42}.Release|Any CPU.ActiveCfg = Release|Any CPU
		{3317DD4A-FBDB-473E-98D4-BD5E7CEA3F42}.Release|Any CPU.Build.0 = Release|Any CPU
		{864F2DAA-B937-489B-A01E-4FB69DE648C7}.Debug|Any CPU.ActiveCfg = Debug|Any CPU
		{864F2DAA-B937-489B-A01E-4FB69DE648C7}.Debug|Any CPU.Build.0 = Debug|Any CPU
		{864F2DAA-B937-489B-A01E-4FB69DE648C7}.Release|Any CPU.ActiveCfg = Release|Any CPU
		{864F2DAA-B937-489B-A01E-4FB69DE648C7}.Release|Any CPU.Build.0 = Release|Any CPU
		{B047B961-C736-4368-863E-5DBA1AFEB1AD}.Debug|Any CPU.ActiveCfg = Debug|Any CPU
		{B047B961-C736-4368-863E-5DBA1AFEB1AD}.Debug|Any CPU.Build.0 = Debug|Any CPU
		{B047B961-C736-4368-863E-5DBA1AFEB1AD}.Release|Any CPU.ActiveCfg = Release|Any CPU
		{B047B961-C736-4368-863E-5DBA1AFEB1AD}.Release|Any CPU.Build.0 = Release|Any CPU
	EndGlobalSection
	GlobalSection(SolutionProperties) = preSolution
		HideSolutionNode = FALSE
	EndGlobalSection
	GlobalSection(NestedProjects) = preSolution
		{EDA75324-1DEE-4E98-994A-4DB4FAFD1256} = {2E264899-D2BE-4D21-BE34-AB191B4ECB4C}
		{67462917-7808-4AD6-AC07-3B28250EF221} = {EDA75324-1DEE-4E98-994A-4DB4FAFD1256}
		{299E0631-6943-4FDE-A413-1C8AA3B9BA8A} = {2E264899-D2BE-4D21-BE34-AB191B4ECB4C}
		{B49D9C6D-2F5D-4EF6-B40C-3B9313F4DACE} = {299E0631-6943-4FDE-A413-1C8AA3B9BA8A}
		{665E43A2-4AFF-489E-A87C-CFC23DBBF3E0} = {2E264899-D2BE-4D21-BE34-AB191B4ECB4C}
		{50356D00-7386-47B2-9BB3-219547CD5C3D} = {665E43A2-4AFF-489E-A87C-CFC23DBBF3E0}
		{E8C95C9C-BC9F-4550-B6A5-5944DB300CC3} = {665E43A2-4AFF-489E-A87C-CFC23DBBF3E0}
		{4102278E-4CBC-4F74-B778-0B73CA4863AD} = {2E264899-D2BE-4D21-BE34-AB191B4ECB4C}
		{9B73C489-2480-4369-87FA-C3589FCEF8BD} = {4102278E-4CBC-4F74-B778-0B73CA4863AD}
		{EA925D78-1587-45AC-80E6-3ED47D5DC43A} = {4102278E-4CBC-4F74-B778-0B73CA4863AD}
		{3418030B-329E-442F-A42E-BEED160B41EE} = {4102278E-4CBC-4F74-B778-0B73CA4863AD}
		{3317DD4A-FBDB-473E-98D4-BD5E7CEA3F42} = {4102278E-4CBC-4F74-B778-0B73CA4863AD}
		{864F2DAA-B937-489B-A01E-4FB69DE648C7} = {D8DB35BD-8686-4892-BBFC-011979AC593C}
		{B047B961-C736-4368-863E-5DBA1AFEB1AD} = {1300A66D-5805-425D-B24D-C131A0E3DC2A}
	EndGlobalSection
	GlobalSection(ExtensibilityGlobals) = postSolution
		SolutionGuid = {421AA1E8-5C34-415F-A7A2-F15652FCEF99}
	EndGlobalSection
EndGlobal
